
Microsoft Visual Studio Solution File, Format Version 12.00
# Visual Studio 15
VisualStudioVersion = 15.0.26730.16
MinimumVisualStudioVersion = 10.0.40219.1
Project("{8BC9CEB8-8B4A-11D0-8D11-00A0C91BC942}") = "RosBridgeCameraApp", "RosBridgeCamera\RosBridgeCamera.vcxproj", "{8EDEB62B-C3BD-4CE5-B239-289BCDE4798F}"
EndProject
Project("{2150E333-8FDC-42A3-9474-1A3956D46DE8}") = "Solution Items", "Solution Items", "{A6EDA9DE-E199-4140-8242-176E464E96F2}"
EndProject
Global
	GlobalSection(SolutionConfigurationPlatforms) = preSolution
		Release|x64 = Release|x64
		Release|x86 = Release|x86
	EndGlobalSection
	GlobalSection(ProjectConfigurationPlatforms) = postSolution
		{8EDEB62B-C3BD-4CE5-B239-289BCDE4798F}.Release|x64.ActiveCfg = Release|x64
		{8EDEB62B-C3BD-4CE5-B239-289BCDE4798F}.Release|x64.Build.0 = Release|x64
		{8EDEB62B-C3BD-4CE5-B239-289BCDE4798F}.Release|x86.ActiveCfg = Release|x64
	EndGlobalSection
	GlobalSection(SolutionProperties) = preSolution
		HideSolutionNode = FALSE
	EndGlobalSection
	GlobalSection(ExtensibilityGlobals) = postSolution
		SolutionGuid = {1F00E928-EA14-474B-8662-AF3DCB35271C}
	EndGlobalSection
EndGlobal
